
Microsoft Visual Studio Solution File, Format Version 12.00
# Visual Studio 2017
Project("{FAE04EC0-301F-11D3-BF4B-00C04F79EFBC}") = "MathIsFun", "MathIsFun.csproj", "{74870730-451A-DE20-C7C6-42102DA5046F}"
EndProject
Project("{FAE04EC0-301F-11D3-BF4B-00C04F79EFBC}") = "MathIsFun.Editor", "MathIsFun.Editor.csproj", "{4D7C7711-6903-B613-5ECA-08830309F008}"
EndProject
Global
	GlobalSection(SolutionConfigurationPlatforms) = preSolution
		Debug|Any CPU = Debug|Any CPU
		Release|Any CPU = Release|Any CPU
	EndGlobalSection
	GlobalSection(ProjectConfigurationPlatforms) = postSolution
		{74870730-451A-DE20-C7C6-42102DA5046F}.Debug|Any CPU.ActiveCfg = Debug|Any CPU
		{74870730-451A-DE20-C7C6-42102DA5046F}.Debug|Any CPU.Build.0 = Debug|Any CPU
		{74870730-451A-DE20-C7C6-42102DA5046F}.Release|Any CPU.ActiveCfg = Release|Any CPU
		{74870730-451A-DE20-C7C6-42102DA5046F}.Release|Any CPU.Build.0 = Release|Any CPU
		{4D7C7711-6903-B613-5ECA-08830309F008}.Debug|Any CPU.ActiveCfg = Debug|Any CPU
		{4D7C7711-6903-B613-5ECA-08830309F008}.Debug|Any CPU.Build.0 = Debug|Any CPU
		{4D7C7711-6903-B613-5ECA-08830309F008}.Release|Any CPU.ActiveCfg = Release|Any CPU
		{4D7C7711-6903-B613-5ECA-08830309F008}.Release|Any CPU.Build.0 = Release|Any CPU
	EndGlobalSection
	GlobalSection(SolutionProperties) = preSolution
		HideSolutionNode = FALSE
	EndGlobalSection
EndGlobal
